
Microsoft Visual Studio Solution File, Format Version 12.00
# Visual Studio 14
VisualStudioVersion = 14.0.24720.0
MinimumVisualStudioVersion = 10.0.40219.1
Project("{FAE04EC0-301F-11D3-BF4B-00C04F79EFBC}") = "ServiceDiscovery", "src\ServiceDiscovery.csproj", "{B05C1900-6B3D-4150-BFD5-331A70C9B5E4}"
EndProject
Project("{FAE04EC0-301F-11D3-BF4B-00C04F79EFBC}") = "ServiceDiscoveryConsole", "ServiceDiscoveryConsole\ServiceDiscoveryConsole.csproj", "{CECF470E-96A4-4E1A-BCED-0D34F50D2C31}"
EndProject
Global
	GlobalSection(SolutionConfigurationPlatforms) = preSolution
		Debug|Any CPU = Debug|Any CPU
		Release|Any CPU = Release|Any CPU
	EndGlobalSection
	GlobalSection(ProjectConfigurationPlatforms) = postSolution
		{B05C1900-6B3D-4150-BFD5-331A70C9B5E4}.Debug|Any CPU.ActiveCfg = Debug|Any CPU
		{B05C1900-6B3D-4150-BFD5-331A70C9B5E4}.Debug|Any CPU.Build.0 = Debug|Any CPU
		{B05C1900-6B3D-4150-BFD5-331A70C9B5E4}.Release|Any CPU.ActiveCfg = Release|Any CPU
		{B05C1900-6B3D-4150-BFD5-331A70C9B5E4}.Release|Any CPU.Build.0 = Release|Any CPU
		{CECF470E-96A4-4E1A-BCED-0D34F50D2C31}.Debug|Any CPU.ActiveCfg = Debug|Any CPU
		{CECF470E-96A4-4E1A-BCED-0D34F50D2C31}.Debug|Any CPU.Build.0 = Debug|Any CPU
		{CECF470E-96A4-4E1A-BCED-0D34F50D2C31}.Release|Any CPU.ActiveCfg = Release|Any CPU
		{CECF470E-96A4-4E1A-BCED-0D34F50D2C31}.Release|Any CPU.Build.0 = Release|Any CPU
	EndGlobalSection
	GlobalSection(SolutionProperties) = preSolution
		HideSolutionNode = FALSE
	EndGlobalSection
EndGlobal
